
Microsoft Visual Studio Solution File, Format Version 12.00
# Visual Studio Version 17
VisualStudioVersion = 17.14.36518.9 d17.14
MinimumVisualStudioVersion = 10.0.40219.1
Project("{FAE04EC0-301F-11D3-BF4B-00C04F79EFBC}") = "lab2", "lab2.csproj", "{907D4592-356E-4A1E-91D7-06772260C7AF}"
EndProject
Global
	GlobalSection(SolutionConfigurationPlatforms) = preSolution
		Debug|Any CPU = Debug|Any CPU
		Release|Any CPU = Release|Any CPU
	EndGlobalSection
	GlobalSection(ProjectConfigurationPlatforms) = postSolution
		{907D4592-356E-4A1E-91D7-06772260C7AF}.Debug|Any CPU.ActiveCfg = Debug|Any CPU
		{907D4592-356E-4A1E-91D7-06772260C7AF}.Debug|Any CPU.Build.0 = Debug|Any CPU
		{907D4592-356E-4A1E-91D7-06772260C7AF}.Release|Any CPU.ActiveCfg = Release|Any CPU
		{907D4592-356E-4A1E-91D7-06772260C7AF}.Release|Any CPU.Build.0 = Release|Any CPU
	EndGlobalSection
	GlobalSection(SolutionProperties) = preSolution
		HideSolutionNode = FALSE
	EndGlobalSection
	GlobalSection(ExtensibilityGlobals) = postSolution
		SolutionGuid = {29964F2C-A8C9-49C2-9D0F-45403A094EC3}
	EndGlobalSection
EndGlobal
