
Microsoft Visual Studio Solution File, Format Version 12.00
# Visual Studio Version 17
VisualStudioVersion = 17.14.36518.9 d17.14
MinimumVisualStudioVersion = 10.0.40219.1
Project("{FAE04EC0-301F-11D3-BF4B-00C04F79EFBC}") = "App", "App\App.csproj", "{F5BC6F6B-827C-4233-95DC-9C39C79E519E}"
EndProject
Project("{FAE04EC0-301F-11D3-BF4B-00C04F79EFBC}") = "Tests", "Tests\Tests.csproj", "{A7EB07DC-F17B-4CD4-9412-C5BF9CAFDD1C}"
EndProject
Global
	GlobalSection(SolutionConfigurationPlatforms) = preSolution
		Debug|Any CPU = Debug|Any CPU
		Release|Any CPU = Release|Any CPU
	EndGlobalSection
	GlobalSection(ProjectConfigurationPlatforms) = postSolution
		{F5BC6F6B-827C-4233-95DC-9C39C79E519E}.Debug|Any CPU.ActiveCfg = Debug|Any CPU
		{F5BC6F6B-827C-4233-95DC-9C39C79E519E}.Debug|Any CPU.Build.0 = Debug|Any CPU
		{F5BC6F6B-827C-4233-95DC-9C39C79E519E}.Release|Any CPU.ActiveCfg = Release|Any CPU
		{F5BC6F6B-827C-4233-95DC-9C39C79E519E}.Release|Any CPU.Build.0 = Release|Any CPU
		{A7EB07DC-F17B-4CD4-9412-C5BF9CAFDD1C}.Debug|Any CPU.ActiveCfg = Debug|Any CPU
		{A7EB07DC-F17B-4CD4-9412-C5BF9CAFDD1C}.Debug|Any CPU.Build.0 = Debug|Any CPU
		{A7EB07DC-F17B-4CD4-9412-C5BF9CAFDD1C}.Release|Any CPU.ActiveCfg = Release|Any CPU
		{A7EB07DC-F17B-4CD4-9412-C5BF9CAFDD1C}.Release|Any CPU.Build.0 = Release|Any CPU
	EndGlobalSection
	GlobalSection(SolutionProperties) = preSolution
		HideSolutionNode = FALSE
	EndGlobalSection
	GlobalSection(ExtensibilityGlobals) = postSolution
		SolutionGuid = {A38A96A4-8D99-482B-9F56-5083025AEBF7}
	EndGlobalSection
EndGlobal
